
Microsoft Visual Studio Solution File, Format Version 12.00
# Visual Studio Version 17
VisualStudioVersion = 17.5.33516.290
MinimumVisualStudioVersion = 10.0.40219.1
Project("{FAE04EC0-301F-11D3-BF4B-00C04F79EFBC}") = "Properties", "Properties.csproj", "{C470A565-8891-4AF8-AF2D-5452DFD00BB7}"
EndProject
Global
	GlobalSection(SolutionConfigurationPlatforms) = preSolution
		Debug|Any CPU = Debug|Any CPU
		Release|Any CPU = Release|Any CPU
	EndGlobalSection
	GlobalSection(ProjectConfigurationPlatforms) = postSolution
		{C470A565-8891-4AF8-AF2D-5452DFD00BB7}.Debug|Any CPU.ActiveCfg = Debug|Any CPU
		{C470A565-8891-4AF8-AF2D-5452DFD00BB7}.Debug|Any CPU.Build.0 = Debug|Any CPU
		{C470A565-8891-4AF8-AF2D-5452DFD00BB7}.Release|Any CPU.ActiveCfg = Release|Any CPU
		{C470A565-8891-4AF8-AF2D-5452DFD00BB7}.Release|Any CPU.Build.0 = Release|Any CPU
	EndGlobalSection
	GlobalSection(SolutionProperties) = preSolution
		HideSolutionNode = FALSE
	EndGlobalSection
	GlobalSection(ExtensibilityGlobals) = postSolution
		SolutionGuid = {A9FC13D6-F4C5-4F5E-8C83-9E9F30A6B8B6}
	EndGlobalSection
EndGlobal
