
Microsoft Visual Studio Solution File, Format Version 12.00
# Visual Studio Version 17
VisualStudioVersion = 17.5.33516.290
MinimumVisualStudioVersion = 10.0.40219.1
Project("{FAE04EC0-301F-11D3-BF4B-00C04F79EFBC}") = "ElegantJewels", "ElegantJewels.csproj", "{9B9A62BB-FDC2-47B4-BB1A-AE875C22146A}"
EndProject
Global
	GlobalSection(SolutionConfigurationPlatforms) = preSolution
		Debug|Any CPU = Debug|Any CPU
		Release|Any CPU = Release|Any CPU
	EndGlobalSection
	GlobalSection(ProjectConfigurationPlatforms) = postSolution
		{9B9A62BB-FDC2-47B4-BB1A-AE875C22146A}.Debug|Any CPU.ActiveCfg = Debug|Any CPU
		{9B9A62BB-FDC2-47B4-BB1A-AE875C22146A}.Debug|Any CPU.Build.0 = Debug|Any CPU
		{9B9A62BB-FDC2-47B4-BB1A-AE875C22146A}.Release|Any CPU.ActiveCfg = Release|Any CPU
		{9B9A62BB-FDC2-47B4-BB1A-AE875C22146A}.Release|Any CPU.Build.0 = Release|Any CPU
	EndGlobalSection
	GlobalSection(SolutionProperties) = preSolution
		HideSolutionNode = FALSE
	EndGlobalSection
	GlobalSection(ExtensibilityGlobals) = postSolution
		SolutionGuid = {DF760091-7FAC-443E-A324-9C7FEDD577A1}
	EndGlobalSection
EndGlobal
