
Microsoft Visual Studio Solution File, Format Version 12.00
# Visual Studio Version 17
VisualStudioVersion = 17.5.33516.290
MinimumVisualStudioVersion = 10.0.40219.1
Project("{FAE04EC0-301F-11D3-BF4B-00C04F79EFBC}") = "DeutscheBank", "DeutscheBank.csproj", "{500BF92A-DFE0-434E-A981-0C545518B945}"
EndProject
Global
	GlobalSection(SolutionConfigurationPlatforms) = preSolution
		Debug|Any CPU = Debug|Any CPU
		Release|Any CPU = Release|Any CPU
	EndGlobalSection
	GlobalSection(ProjectConfigurationPlatforms) = postSolution
		{500BF92A-DFE0-434E-A981-0C545518B945}.Debug|Any CPU.ActiveCfg = Debug|Any CPU
		{500BF92A-DFE0-434E-A981-0C545518B945}.Debug|Any CPU.Build.0 = Debug|Any CPU
		{500BF92A-DFE0-434E-A981-0C545518B945}.Release|Any CPU.ActiveCfg = Release|Any CPU
		{500BF92A-DFE0-434E-A981-0C545518B945}.Release|Any CPU.Build.0 = Release|Any CPU
	EndGlobalSection
	GlobalSection(SolutionProperties) = preSolution
		HideSolutionNode = FALSE
	EndGlobalSection
	GlobalSection(ExtensibilityGlobals) = postSolution
		SolutionGuid = {27906E7D-E979-4B28-ACD7-4A0CA587E894}
	EndGlobalSection
EndGlobal
