
Microsoft Visual Studio Solution File, Format Version 12.00
# Visual Studio Version 17
VisualStudioVersion = 17.5.33516.290
MinimumVisualStudioVersion = 10.0.40219.1
Project("{FAE04EC0-301F-11D3-BF4B-00C04F79EFBC}") = "ImportJobDBEntity", "ImportJobDBEntity.csproj", "{FB2FC6C3-9A05-4679-8DEE-84F3352D6904}"
EndProject
Global
	GlobalSection(SolutionConfigurationPlatforms) = preSolution
		Debug|Any CPU = Debug|Any CPU
		Release|Any CPU = Release|Any CPU
	EndGlobalSection
	GlobalSection(ProjectConfigurationPlatforms) = postSolution
		{FB2FC6C3-9A05-4679-8DEE-84F3352D6904}.Debug|Any CPU.ActiveCfg = Debug|Any CPU
		{FB2FC6C3-9A05-4679-8DEE-84F3352D6904}.Debug|Any CPU.Build.0 = Debug|Any CPU
		{FB2FC6C3-9A05-4679-8DEE-84F3352D6904}.Release|Any CPU.ActiveCfg = Release|Any CPU
		{FB2FC6C3-9A05-4679-8DEE-84F3352D6904}.Release|Any CPU.Build.0 = Release|Any CPU
	EndGlobalSection
	GlobalSection(SolutionProperties) = preSolution
		HideSolutionNode = FALSE
	EndGlobalSection
	GlobalSection(ExtensibilityGlobals) = postSolution
		SolutionGuid = {00622A25-CCE5-4F8F-B495-01567C248AD4}
	EndGlobalSection
EndGlobal
