
Microsoft Visual Studio Solution File, Format Version 12.00
# Visual Studio Version 17
VisualStudioVersion = 17.5.33516.290
MinimumVisualStudioVersion = 10.0.40219.1
Project("{FAE04EC0-301F-11D3-BF4B-00C04F79EFBC}") = "Auto Mart", "Auto Mart.csproj", "{DA631159-5BEA-4EAF-83B0-F5B713B40539}"
EndProject
Global
	GlobalSection(SolutionConfigurationPlatforms) = preSolution
		Debug|Any CPU = Debug|Any CPU
		Release|Any CPU = Release|Any CPU
	EndGlobalSection
	GlobalSection(ProjectConfigurationPlatforms) = postSolution
		{DA631159-5BEA-4EAF-83B0-F5B713B40539}.Debug|Any CPU.ActiveCfg = Debug|Any CPU
		{DA631159-5BEA-4EAF-83B0-F5B713B40539}.Debug|Any CPU.Build.0 = Debug|Any CPU
		{DA631159-5BEA-4EAF-83B0-F5B713B40539}.Release|Any CPU.ActiveCfg = Release|Any CPU
		{DA631159-5BEA-4EAF-83B0-F5B713B40539}.Release|Any CPU.Build.0 = Release|Any CPU
	EndGlobalSection
	GlobalSection(SolutionProperties) = preSolution
		HideSolutionNode = FALSE
	EndGlobalSection
	GlobalSection(ExtensibilityGlobals) = postSolution
		SolutionGuid = {3A460070-64D5-498A-B806-B8443BE63CD7}
	EndGlobalSection
EndGlobal
