
Microsoft Visual Studio Solution File, Format Version 12.00
# Visual Studio Version 17
VisualStudioVersion = 17.5.33516.290
MinimumVisualStudioVersion = 10.0.40219.1
Project("{FAE04EC0-301F-11D3-BF4B-00C04F79EFBC}") = "VirtualOverrideDemo", "VirtualOverrideDemo.csproj", "{70376EBC-4CC9-4D01-A4EE-663A926C3723}"
EndProject
Global
	GlobalSection(SolutionConfigurationPlatforms) = preSolution
		Debug|Any CPU = Debug|Any CPU
		Release|Any CPU = Release|Any CPU
	EndGlobalSection
	GlobalSection(ProjectConfigurationPlatforms) = postSolution
		{70376EBC-4CC9-4D01-A4EE-663A926C3723}.Debug|Any CPU.ActiveCfg = Debug|Any CPU
		{70376EBC-4CC9-4D01-A4EE-663A926C3723}.Debug|Any CPU.Build.0 = Debug|Any CPU
		{70376EBC-4CC9-4D01-A4EE-663A926C3723}.Release|Any CPU.ActiveCfg = Release|Any CPU
		{70376EBC-4CC9-4D01-A4EE-663A926C3723}.Release|Any CPU.Build.0 = Release|Any CPU
	EndGlobalSection
	GlobalSection(SolutionProperties) = preSolution
		HideSolutionNode = FALSE
	EndGlobalSection
	GlobalSection(ExtensibilityGlobals) = postSolution
		SolutionGuid = {2528E9E4-18D3-4DC9-92BE-DA0FDDD60FED}
	EndGlobalSection
EndGlobal
